Microsoft Visual Studio Solution File, Format Version 12.00
# Visual Studio Version 17
VisualStudioVersion = 17.1.32104.313
MinimumVisualStudioVersion = 15.0.27130.0
Project("{9A19103F-16F7-4668-BE54-9A1E7A4F7556}") = "Y.IssueTracker.Web", "src\Y.IssueTracker.Web\Y.IssueTracker.Web.csproj", "{167E3C18-C58F-43D4-8B93-06632F05D9F8}"
EndProject
Project("{2150E333-8FDC-42A3-9474-1A3956D46DE8}") = "tests", "tests", "{9F9D6FCF-DA82-4EE3-BD2D-C5EFCF35CC7B}"
EndProject
Project("{2150E333-8FDC-42A3-9474-1A3956D46DE8}") = "src", "src", "{FED9B4B2-822F-470A-B623-B721A0C3664D}"
EndProject
Project("{9A19103F-16F7-4668-BE54-9A1E7A4F7556}") = "Y.IssueTracker.Tests", "tests\Y.IssueTracker.Tests\Y.IssueTracker.Tests.csproj", "{60632DF2-3022-4204-9F2F-31E9C6BEB4A0}"
EndProject
Project("{9A19103F-16F7-4668-BE54-9A1E7A4F7556}") = "Y.IssueTracker", "src\Y.IssueTracker\Y.IssueTracker.csproj", "{EC67B6BE-CBD0-403E-93B4-7027A3D1217C}"
EndProject
Project("{9A19103F-16F7-4668-BE54-9A1E7A4F7556}") = "Y.IssueTracker.Web.Tests", "tests\Y.IssueTracker.Web.Tests\Y.IssueTracker.Web.Tests.csproj", "{5EAB2E16-257A-4128-943C-FA86C502B996}"
EndProject
Project("{FAE04EC0-301F-11D3-BF4B-00C04F79EFBC}") = "Y.IssueTracker.Api", "src\Y.IssueTracker.Api\Y.IssueTracker.Api.csproj", "{77BB169B-1A97-456E-AEAB-736B7B0E71D6}"
EndProject
Global
	GlobalSection(SolutionConfigurationPlatforms) = preSolution
		Debug|Any CPU = Debug|Any CPU
		Release|Any CPU = Release|Any CPU
	EndGlobalSection
	GlobalSection(ProjectConfigurationPlatforms) = postSolution
		{167E3C18-C58F-43D4-8B93-06632F05D9F8}.Debug|Any CPU.ActiveCfg = Debug|Any CPU
		{167E3C18-C58F-43D4-8B93-06632F05D9F8}.Debug|Any CPU.Build.0 = Debug|Any CPU
		{167E3C18-C58F-43D4-8B93-06632F05D9F8}.Release|Any CPU.ActiveCfg = Release|Any CPU
		{167E3C18-C58F-43D4-8B93-06632F05D9F8}.Release|Any CPU.Build.0 = Release|Any CPU
		{60632DF2-3022-4204-9F2F-31E9C6BEB4A0}.Debug|Any CPU.ActiveCfg = Debug|Any CPU
		{60632DF2-3022-4204-9F2F-31E9C6BEB4A0}.Debug|Any CPU.Build.0 = Debug|Any CPU
		{60632DF2-3022-4204-9F2F-31E9C6BEB4A0}.Release|Any CPU.ActiveCfg = Release|Any CPU
		{60632DF2-3022-4204-9F2F-31E9C6BEB4A0}.Release|Any CPU.Build.0 = Release|Any CPU
		{EC67B6BE-CBD0-403E-93B4-7027A3D1217C}.Debug|Any CPU.ActiveCfg = Debug|Any CPU
		{EC67B6BE-CBD0-403E-93B4-7027A3D1217C}.Debug|Any CPU.Build.0 = Debug|Any CPU
		{EC67B6BE-CBD0-403E-93B4-7027A3D1217C}.Release|Any CPU.ActiveCfg = Release|Any CPU
		{EC67B6BE-CBD0-403E-93B4-7027A3D1217C}.Release|Any CPU.Build.0 = Release|Any CPU
		{5EAB2E16-257A-4128-943C-FA86C502B996}.Debug|Any CPU.ActiveCfg = Debug|Any CPU
		{5EAB2E16-257A-4128-943C-FA86C502B996}.Debug|Any CPU.Build.0 = Debug|Any CPU
		{5EAB2E16-257A-4128-943C-FA86C502B996}.Release|Any CPU.ActiveCfg = Release|Any CPU
		{5EAB2E16-257A-4128-943C-FA86C502B996}.Release|Any CPU.Build.0 = Release|Any CPU
		{77BB169B-1A97-456E-AEAB-736B7B0E71D6}.Debug|Any CPU.ActiveCfg = Debug|Any CPU
		{77BB169B-1A97-456E-AEAB-736B7B0E71D6}.Debug|Any CPU.Build.0 = Debug|Any CPU
		{77BB169B-1A97-456E-AEAB-736B7B0E71D6}.Release|Any CPU.ActiveCfg = Release|Any CPU
		{77BB169B-1A97-456E-AEAB-736B7B0E71D6}.Release|Any CPU.Build.0 = Release|Any CPU
	EndGlobalSection
	GlobalSection(SolutionProperties) = preSolution
		HideSolutionNode = FALSE
	EndGlobalSection
	GlobalSection(NestedProjects) = preSolution
		{167E3C18-C58F-43D4-8B93-06632F05D9F8} = {FED9B4B2-822F-470A-B623-B721A0C3664D}
		{60632DF2-3022-4204-9F2F-31E9C6BEB4A0} = {9F9D6FCF-DA82-4EE3-BD2D-C5EFCF35CC7B}
		{EC67B6BE-CBD0-403E-93B4-7027A3D1217C} = {FED9B4B2-822F-470A-B623-B721A0C3664D}
		{5EAB2E16-257A-4128-943C-FA86C502B996} = {9F9D6FCF-DA82-4EE3-BD2D-C5EFCF35CC7B}
		{77BB169B-1A97-456E-AEAB-736B7B0E71D6} = {FED9B4B2-822F-470A-B623-B721A0C3664D}
	EndGlobalSection
	GlobalSection(ExtensibilityGlobals) = postSolution
		SolutionGuid = {AC6A1F56-31BC-456B-A187-20886FBBB7A2}
	EndGlobalSection
EndGlobal
